{
    "version": 3,
    "terraform_version": "0.11.10",
    "serial": 45,
    "lineage": "9a36e7d7-d09a-0451-33f4-f5ea54a791b2",
    "modules": [
        {
            "path": [
                "root"
            ],
            "outputs": {},
            "resources": {
                "aws_eip.this": {
                    "type": "aws_eip",
                    "depends_on": [
                        "module.ec2_cluster"
                    ],
                    "primary": {
                        "id": "eipalloc-072efb6ae5b0153f1",
                        "attributes": {
                            "association_id": "eipassoc-05aacf5fb5c84e427",
                            "domain": "vpc",
                            "id": "eipalloc-072efb6ae5b0153f1",
                            "instance": "i-03e93e1db1e7cb760",
                            "network_interface": "eni-0885ad30961fdc835",
                            "private_dns": "ip-172-31-41-208.us-west-2.compute.internal",
                            "private_ip": "172.31.41.208",
                            "public_dns": "ec2-44-226-121-136.us-west-2.compute.amazonaws.com",
                            "public_ip": "44.226.121.136",
                            "public_ipv4_pool": "amazon",
                            "tags.%": "1",
                            "tags.Name": "Jenkins-0",
                            "vpc": "true"
                        },
                        "meta": {
                            "e2bfb730-ecaa-11e6-8f88-34363bc7c4c0": {
                                "delete": 180000000000,
                                "read": 900000000000,
                                "update": 300000000000
                            }
                        },
                        "tainted": false
                    },
                    "deposed": [],
                    "provider": "provider.aws"
                },
                "data.template_file.jenkins": {
                    "type": "template_file",
                    "depends_on": [],
                    "primary": {
                        "id": "5e9ba471e76350b128b67a5f190aab3edf1308ff4b956d87125d6deaa08fde5f",
                        "attributes": {
                            "id": "5e9ba471e76350b128b67a5f190aab3edf1308ff4b956d87125d6deaa08fde5f",
                            "rendered": "#cloud-config\npackages:\n - curl\nruncmd:\n# initialize ec2\n# - sudo mkfs.xfs /dev/nvme1n1 \n# - sudo mount /dev/nvme1n1 /opt\n# - sudo echo \"/dev/nvme1n1 /opt  xfs    defaults\t0\t0\" \u003e\u003e /etc/fstab\n# install JDK\n - sudo curl -o /opt/jdk-8u231-linux-x64.tar.gz https://public-devops-software-package.s3.amazonaws.com/jdk-8u231-linux-x64.tar.gz\n - sudo tar -zxvf /opt/jdk-8u231-linux-x64.tar.gz -C /opt\n - sudo echo \"export JAVA_HOME=/opt/jdk1.8.0_231\" \u003e\u003e /etc/profile\n - sudo echo \"export JRE_HOME=\\$JAVA_HOME/jre\" \u003e\u003e /etc/profile\n# install maven\n - sudo curl -o /opt/apache-maven-3.6.2-bin.tar.gz https://public-devops-software-package.s3.amazonaws.com/apache-maven-3.6.2-bin.tar.gz\n - sudo tar -zxvf apache-maven-3.6.2-bin.tar.gz -C /opt\n - sudo echo \"export M2_HOME=/opt/apache-maven-3.6.2\" \u003e\u003e /etc/profile\n - sudo echo \"export M2=\\$M2_HOME/bin\" \n - sudo echo \"export PATH=\\$JAVA_HOME/bin:\\$M2:$PATH\" \u003e\u003e /etc/profile\n# install Jenkins \n - source /etc/profile\n - sudo mkdir /opt/jenkins\n - sudo curl -o /opt/jenkins/jenkins.war http://mirror.serverion.com/jenkins/war-stable/2.190.2/jenkins.war\n - nohub java -jar /opt/jenkins/jenkins.war \u0026\n",
                            "template": "#cloud-config\npackages:\n - curl\nruncmd:\n# initialize ec2\n# - sudo mkfs.xfs /dev/nvme1n1 \n# - sudo mount /dev/nvme1n1 /opt\n# - sudo echo \"/dev/nvme1n1 /opt  xfs    defaults\t0\t0\" \u003e\u003e /etc/fstab\n# install JDK\n - sudo curl -o /opt/jdk-8u231-linux-x64.tar.gz https://public-devops-software-package.s3.amazonaws.com/jdk-8u231-linux-x64.tar.gz\n - sudo tar -zxvf /opt/jdk-8u231-linux-x64.tar.gz -C /opt\n - sudo echo \"export JAVA_HOME=/opt/jdk1.8.0_231\" \u003e\u003e /etc/profile\n - sudo echo \"export JRE_HOME=\\$JAVA_HOME/jre\" \u003e\u003e /etc/profile\n# install maven\n - sudo curl -o /opt/apache-maven-3.6.2-bin.tar.gz https://public-devops-software-package.s3.amazonaws.com/apache-maven-3.6.2-bin.tar.gz\n - sudo tar -zxvf apache-maven-3.6.2-bin.tar.gz -C /opt\n - sudo echo \"export M2_HOME=/opt/apache-maven-3.6.2\" \u003e\u003e /etc/profile\n - sudo echo \"export M2=\\$M2_HOME/bin\" \n - sudo echo \"export PATH=\\$JAVA_HOME/bin:\\$M2:$PATH\" \u003e\u003e /etc/profile\n# install Jenkins \n - source /etc/profile\n - sudo mkdir /opt/jenkins\n - sudo curl -o /opt/jenkins/jenkins.war http://mirror.serverion.com/jenkins/war-stable/2.190.2/jenkins.war\n - nohub java -jar /opt/jenkins/jenkins.war \u0026\n"
                        },
                        "meta": {},
                        "tainted": false
                    },
                    "deposed": [],
                    "provider": "provider.template"
                },
                "data.template_file.umsl_data": {
                    "type": "template_file",
                    "depends_on": [],
                    "primary": {
                        "id": "3f5ed1ecf82f2687496046f48f1ff4add34115c6d5383203fc0789aa518719f3",
                        "attributes": {
                            "id": "3f5ed1ecf82f2687496046f48f1ff4add34115c6d5383203fc0789aa518719f3",
                            "rendered": "#cloud-config\npackages:\n - curl\nruncmd:\n# install JDK\n - sudo curl -o /opt/jdk-8u231-linux-x64.tar.gz https://public-devops-software-package.s3.amazonaws.com/jdk-8u231-linux-x64.tar.gz\n - sudo tar -zxvf /opt/jdk-8u231-linux-x64.tar.gz -C /opt\n - sudo echo \"export JAVA_HOME=/opt/jdk1.8.0_231\" \u003e\u003e /etc/profile\n - sudo echo \"export JRE_HOME=\\$JAVA_HOME/jre\" \u003e\u003e /etc/profile\n - sudo echo \"export PATH=\\$JAVA_HOME/bin:$PATH\" \u003e\u003e /etc/profile",
                            "template": "#cloud-config\npackages:\n - curl\nruncmd:\n# install JDK\n - sudo curl -o /opt/jdk-8u231-linux-x64.tar.gz https://public-devops-software-package.s3.amazonaws.com/jdk-8u231-linux-x64.tar.gz\n - sudo tar -zxvf /opt/jdk-8u231-linux-x64.tar.gz -C /opt\n - sudo echo \"export JAVA_HOME=/opt/jdk1.8.0_231\" \u003e\u003e /etc/profile\n - sudo echo \"export JRE_HOME=\\$JAVA_HOME/jre\" \u003e\u003e /etc/profile\n - sudo echo \"export PATH=\\$JAVA_HOME/bin:$PATH\" \u003e\u003e /etc/profile"
                        },
                        "meta": {},
                        "tainted": false
                    },
                    "deposed": [],
                    "provider": "provider.template"
                }
            },
            "depends_on": []
        },
        {
            "path": [
                "root",
                "Jenkins"
            ],
            "outputs": {
                "credit_specification": {
                    "sensitive": false,
                    "type": "list",
                    "value": []
                },
                "key_name": {
                    "sensitive": false,
                    "type": "list",
                    "value": [
                        "m"
                    ]
                },
                "subnet_id": {
                    "sensitive": false,
                    "type": "list",
                    "value": [
                        "subnet-833345c8"
                    ]
                },
                "tags": {
                    "sensitive": false,
                    "type": "list",
                    "value": [
                        {
                            "Environment": "dev",
                            "Name": "Jenkins",
                            "Terraform": "1"
                        }
                    ]
                }
            },
            "resources": {},
            "depends_on": []
        },
        {
            "path": [
                "root",
                "umsl"
            ],
            "outputs": {
                "credit_specification": {
                    "sensitive": false,
                    "type": "list",
                    "value": [
                        [
                            {
                                "cpu_credits": "standard"
                            }
                        ]
                    ]
                },
                "key_name": {
                    "sensitive": false,
                    "type": "list",
                    "value": [
                        "m"
                    ]
                },
                "subnet_id": {
                    "sensitive": false,
                    "type": "list",
                    "value": [
                        "subnet-833345c8"
                    ]
                },
                "tags": {
                    "sensitive": false,
                    "type": "list",
                    "value": [
                        {
                            "Environment": "dev",
                            "Name": "umsl",
                            "Terraform": "1"
                        }
                    ]
                }
            },
            "resources": {},
            "depends_on": []
        }
    ]
}
